
Microsoft Visual Studio Solution File, Format Version 12.00
# Visual Studio Version 17
VisualStudioVersion = 17.9.34616.47
MinimumVisualStudioVersion = 10.0.40219.1
Project("{9A19103F-16F7-4668-BE54-9A1E7A4F7556}") = "UserManagement.API", "UserManagement.API\UserManagement.API.csproj", "{FEB0EC6A-4B38-49DC-84A4-F00AE3DE434C}"
EndProject
Project("{9A19103F-16F7-4668-BE54-9A1E7A4F7556}") = "UserManagement.Infrastructure", "UserManagement.Infrastructure\UserManagement.Infrastructure.csproj", "{312021A5-1045-44D4-9E11-1939947A8FFB}"
EndProject
Project("{9A19103F-16F7-4668-BE54-9A1E7A4F7556}") = "UserManagement.Core", "UserManagement.Core\UserManagement.Core.csproj", "{0AEE6522-9B37-48AB-A0C2-85E59C485DA6}"
EndProject
Project("{9A19103F-16F7-4668-BE54-9A1E7A4F7556}") = "UserManagement.Domain", "UserManagement.Domain\UserManagement.Domain.csproj", "{B79F8E73-27BC-47DB-8130-4D09862FA5F1}"
EndProject
Project("{2150E333-8FDC-42A3-9474-1A3956D46DE8}") = "Solution Items", "Solution Items", "{1C515305-EF73-4FEC-91CB-E45FEB542B3A}"
	ProjectSection(SolutionItems) = preProject
		docker-compose.yml = docker-compose.yml
	EndProjectSection
EndProject
Project("{FAE04EC0-301F-11D3-BF4B-00C04F79EFBC}") = "UserManagement.Tests", "UserManagement.Tests\UserManagement.Tests.csproj", "{2DFEEE13-01A2-4FDB-9363-6A25F0C03395}"
EndProject
Global
	GlobalSection(SolutionConfigurationPlatforms) = preSolution
		Debug|Any CPU = Debug|Any CPU
		Release|Any CPU = Release|Any CPU
	EndGlobalSection
	GlobalSection(ProjectConfigurationPlatforms) = postSolution
		{FEB0EC6A-4B38-49DC-84A4-F00AE3DE434C}.Debug|Any CPU.ActiveCfg = Debug|Any CPU
		{FEB0EC6A-4B38-49DC-84A4-F00AE3DE434C}.Debug|Any CPU.Build.0 = Debug|Any CPU
		{FEB0EC6A-4B38-49DC-84A4-F00AE3DE434C}.Release|Any CPU.ActiveCfg = Release|Any CPU
		{FEB0EC6A-4B38-49DC-84A4-F00AE3DE434C}.Release|Any CPU.Build.0 = Release|Any CPU
		{312021A5-1045-44D4-9E11-1939947A8FFB}.Debug|Any CPU.ActiveCfg = Debug|Any CPU
		{312021A5-1045-44D4-9E11-1939947A8FFB}.Debug|Any CPU.Build.0 = Debug|Any CPU
		{312021A5-1045-44D4-9E11-1939947A8FFB}.Release|Any CPU.ActiveCfg = Release|Any CPU
		{312021A5-1045-44D4-9E11-1939947A8FFB}.Release|Any CPU.Build.0 = Release|Any CPU
		{0AEE6522-9B37-48AB-A0C2-85E59C485DA6}.Debug|Any CPU.ActiveCfg = Debug|Any CPU
		{0AEE6522-9B37-48AB-A0C2-85E59C485DA6}.Debug|Any CPU.Build.0 = Debug|Any CPU
		{0AEE6522-9B37-48AB-A0C2-85E59C485DA6}.Release|Any CPU.ActiveCfg = Release|Any CPU
		{0AEE6522-9B37-48AB-A0C2-85E59C485DA6}.Release|Any CPU.Build.0 = Release|Any CPU
		{B79F8E73-27BC-47DB-8130-4D09862FA5F1}.Debug|Any CPU.ActiveCfg = Debug|Any CPU
		{B79F8E73-27BC-47DB-8130-4D09862FA5F1}.Debug|Any CPU.Build.0 = Debug|Any CPU
		{B79F8E73-27BC-47DB-8130-4D09862FA5F1}.Release|Any CPU.ActiveCfg = Release|Any CPU
		{B79F8E73-27BC-47DB-8130-4D09862FA5F1}.Release|Any CPU.Build.0 = Release|Any CPU
		{2DFEEE13-01A2-4FDB-9363-6A25F0C03395}.Debug|Any CPU.ActiveCfg = Debug|Any CPU
		{2DFEEE13-01A2-4FDB-9363-6A25F0C03395}.Debug|Any CPU.Build.0 = Debug|Any CPU
		{2DFEEE13-01A2-4FDB-9363-6A25F0C03395}.Release|Any CPU.ActiveCfg = Release|Any CPU
		{2DFEEE13-01A2-4FDB-9363-6A25F0C03395}.Release|Any CPU.Build.0 = Release|Any CPU
	EndGlobalSection
	GlobalSection(SolutionProperties) = preSolution
		HideSolutionNode = FALSE
	EndGlobalSection
	GlobalSection(ExtensibilityGlobals) = postSolution
		SolutionGuid = {C10C1A3D-8632-4FF6-BFC1-7023AE629194}
	EndGlobalSection
EndGlobal
